
Microsoft Visual Studio Solution File, Format Version 12.00
# Visual Studio Version 17
VisualStudioVersion = 17.9.34728.123
MinimumVisualStudioVersion = 10.0.40219.1
Project("{FAE04EC0-301F-11D3-BF4B-00C04F79EFBC}") = "T2_GonzalesTasaycoDiego", "T2_GonzalesTasaycoDiego\T2_GonzalesTasaycoDiego.csproj", "{6C5B7AFD-9076-4C56-866D-68F9FD57DEB8}"
EndProject
Global
	GlobalSection(SolutionConfigurationPlatforms) = preSolution
		Debug|Any CPU = Debug|Any CPU
		Release|Any CPU = Release|Any CPU
	EndGlobalSection
	GlobalSection(ProjectConfigurationPlatforms) = postSolution
		{6C5B7AFD-9076-4C56-866D-68F9FD57DEB8}.Debug|Any CPU.ActiveCfg = Debug|Any CPU
		{6C5B7AFD-9076-4C56-866D-68F9FD57DEB8}.Debug|Any CPU.Build.0 = Debug|Any CPU
		{6C5B7AFD-9076-4C56-866D-68F9FD57DEB8}.Release|Any CPU.ActiveCfg = Release|Any CPU
		{6C5B7AFD-9076-4C56-866D-68F9FD57DEB8}.Release|Any CPU.Build.0 = Release|Any CPU
	EndGlobalSection
	GlobalSection(SolutionProperties) = preSolution
		HideSolutionNode = FALSE
	EndGlobalSection
	GlobalSection(ExtensibilityGlobals) = postSolution
		SolutionGuid = {BF4AEFE5-538D-41C8-950D-4A3772ABE209}
	EndGlobalSection
EndGlobal
